
Microsoft Visual Studio Solution File, Format Version 12.00
Project("{FAE04EC0-301F-11D3-BF4B-00C04F79EFBC}") = "1464MaximumProductofTwoElementsinanArray", "1464MaximumProductofTwoElementsinanArray\1464MaximumProductofTwoElementsinanArray.csproj", "{F068A584-9E1B-49CF-B566-18F53A796D6C}"
EndProject
Project("{FAE04EC0-301F-11D3-BF4B-00C04F79EFBC}") = "13RomanToInteger", "13RomanToInteger\13RomanToInteger.csproj", "{78AE0390-2EB2-42F2-BBDC-8E1F8017D074}"
EndProject
Global
	GlobalSection(SolutionConfigurationPlatforms) = preSolution
		Debug|Any CPU = Debug|Any CPU
		Release|Any CPU = Release|Any CPU
	EndGlobalSection
	GlobalSection(ProjectConfigurationPlatforms) = postSolution
		{F068A584-9E1B-49CF-B566-18F53A796D6C}.Debug|Any CPU.ActiveCfg = Debug|Any CPU
		{F068A584-9E1B-49CF-B566-18F53A796D6C}.Debug|Any CPU.Build.0 = Debug|Any CPU
		{F068A584-9E1B-49CF-B566-18F53A796D6C}.Release|Any CPU.ActiveCfg = Release|Any CPU
		{F068A584-9E1B-49CF-B566-18F53A796D6C}.Release|Any CPU.Build.0 = Release|Any CPU
		{78AE0390-2EB2-42F2-BBDC-8E1F8017D074}.Debug|Any CPU.ActiveCfg = Debug|Any CPU
		{78AE0390-2EB2-42F2-BBDC-8E1F8017D074}.Debug|Any CPU.Build.0 = Debug|Any CPU
		{78AE0390-2EB2-42F2-BBDC-8E1F8017D074}.Release|Any CPU.ActiveCfg = Release|Any CPU
		{78AE0390-2EB2-42F2-BBDC-8E1F8017D074}.Release|Any CPU.Build.0 = Release|Any CPU
	EndGlobalSection
EndGlobal
